
Microsoft Visual Studio Solution File, Format Version 12.00
# Visual Studio 14
VisualStudioVersion = 14.0.25420.1
MinimumVisualStudioVersion = 10.0.40219.1
Project("{FAE04EC0-301F-11D3-BF4B-00C04F79EFBC}") = "XamarinCustomControls", "XamarinCustomControls\XamarinCustomControls\XamarinCustomControls.csproj", "{C96AA0EC-B6A7-44D0-9D5E-F2F31099CA15}"
EndProject
Project("{FAE04EC0-301F-11D3-BF4B-00C04F79EFBC}") = "XamarinCustomControls.Droid", "XamarinCustomControls\XamarinCustomControls.Droid\XamarinCustomControls.Droid.csproj", "{3979006C-2188-46E4-ADD6-92F67F27D6EC}"
EndProject
Project("{FAE04EC0-301F-11D3-BF4B-00C04F79EFBC}") = "XamarinCustomControls.iOS", "XamarinCustomControls\XamarinCustomControls.iOS\XamarinCustomControls.iOS.csproj", "{6476DD61-DD15-4A70-87A2-AC422D13C52F}"
EndProject
Project("{FAE04EC0-301F-11D3-BF4B-00C04F79EFBC}") = "XamarinCustomControls.WinPhone", "XamarinCustomControls\XamarinCustomControls.WinPhone\XamarinCustomControls.WinPhone.csproj", "{72B7DDB6-BCC3-4BB3-97B7-8B39C0A0F880}"
EndProject
Project("{FAE04EC0-301F-11D3-BF4B-00C04F79EFBC}") = "XamarinCustomControls.UWP", "XamarinCustomControls\XamarinCustomControls.UWP\XamarinCustomControls.UWP.csproj", "{E8930B0A-5C04-41E4-A71A-9AA280C4A91E}"
EndProject
Project("{FAE04EC0-301F-11D3-BF4B-00C04F79EFBC}") = "XamarinCustomControls.Windows", "XamarinCustomControls\XamarinCustomControls.Windows\XamarinCustomControls.Windows.csproj", "{2BF23F0F-29C4-4C17-9C14-F4DC4961D95B}"
EndProject
Global
	GlobalSection(SolutionConfigurationPlatforms) = preSolution
		Ad-Hoc|Any CPU = Ad-Hoc|Any CPU
		Ad-Hoc|ARM = Ad-Hoc|ARM
		Ad-Hoc|iPhone = Ad-Hoc|iPhone
		Ad-Hoc|iPhoneSimulator = Ad-Hoc|iPhoneSimulator
		Ad-Hoc|x64 = Ad-Hoc|x64
		Ad-Hoc|x86 = Ad-Hoc|x86
		AppStore|Any CPU = AppStore|Any CPU
		AppStore|ARM = AppStore|ARM
		AppStore|iPhone = AppStore|iPhone
		AppStore|iPhoneSimulator = AppStore|iPhoneSimulator
		AppStore|x64 = AppStore|x64
		AppStore|x86 = AppStore|x86
		Debug|Any CPU = Debug|Any CPU
		Debug|ARM = Debug|ARM
		Debug|iPhone = Debug|iPhone
		Debug|iPhoneSimulator = Debug|iPhoneSimulator
		Debug|x64 = Debug|x64
		Debug|x86 = Debug|x86
		Release|Any CPU = Release|Any CPU
		Release|ARM = Release|ARM
		Release|iPhone = Release|iPhone
		Release|iPhoneSimulator = Release|iPhoneSimulator
		Release|x64 = Release|x64
		Release|x86 = Release|x86
	EndGlobalSection
	GlobalSection(ProjectConfigurationPlatforms) = postSolution
		{C96AA0EC-B6A7-44D0-9D5E-F2F31099CA15}.Ad-Hoc|Any CPU.ActiveCfg = Release|Any CPU
		{C96AA0EC-B6A7-44D0-9D5E-F2F31099CA15}.Ad-Hoc|Any CPU.Build.0 = Release|Any CPU
		{C96AA0EC-B6A7-44D0-9D5E-F2F31099CA15}.Ad-Hoc|ARM.ActiveCfg = Release|Any CPU
		{C96AA0EC-B6A7-44D0-9D5E-F2F31099CA15}.Ad-Hoc|ARM.Build.0 = Release|Any CPU
		{C96AA0EC-B6A7-44D0-9D5E-F2F31099CA15}.Ad-Hoc|iPhone.ActiveCfg = Release|Any CPU
		{C96AA0EC-B6A7-44D0-9D5E-F2F31099CA15}.Ad-Hoc|iPhone.Build.0 = Release|Any CPU
		{C96AA0EC-B6A7-44D0-9D5E-F2F31099CA15}.Ad-Hoc|iPhoneSimulator.ActiveCfg = Release|Any CPU
		{C96AA0EC-B6A7-44D0-9D5E-F2F31099CA15}.Ad-Hoc|iPhoneSimulator.Build.0 = Release|Any CPU
		{C96AA0EC-B6A7-44D0-9D5E-F2F31099CA15}.Ad-Hoc|x64.ActiveCfg = Release|Any CPU
		{C96AA0EC-B6A7-44D0-9D5E-F2F31099CA15}.Ad-Hoc|x64.Build.0 = Release|Any CPU
		{C96AA0EC-B6A7-44D0-9D5E-F2F31099CA15}.Ad-Hoc|x86.ActiveCfg = Release|Any CPU
		{C96AA0EC-B6A7-44D0-9D5E-F2F31099CA15}.Ad-Hoc|x86.Build.0 = Release|Any CPU
		{C96AA0EC-B6A7-44D0-9D5E-F2F31099CA15}.AppStore|Any CPU.ActiveCfg = Release|Any CPU
		{C96AA0EC-B6A7-44D0-9D5E-F2F31099CA15}.AppStore|Any CPU.Build.0 = Release|Any CPU
		{C96AA0EC-B6A7-44D0-9D5E-F2F31099CA15}.AppStore|ARM.ActiveCfg = Release|Any CPU
		{C96AA0EC-B6A7-44D0-9D5E-F2F31099CA15}.AppStore|ARM.Build.0 = Release|Any CPU
		{C96AA0EC-B6A7-44D0-9D5E-F2F31099CA15}.AppStore|iPhone.ActiveCfg = Release|Any CPU
		{C96AA0EC-B6A7-44D0-9D5E-F2F31099CA15}.AppStore|iPhone.Build.0 = Release|Any CPU
		{C96AA0EC-B6A7-44D0-9D5E-F2F31099CA15}.AppStore|iPhoneSimulator.ActiveCfg = Release|Any CPU
		{C96AA0EC-B6A7-44D0-9D5E-F2F31099CA15}.AppStore|iPhoneSimulator.Build.0 = Release|Any CPU
		{C96AA0EC-B6A7-44D0-9D5E-F2F31099CA15}.AppStore|x64.ActiveCfg = Release|Any CPU
		{C96AA0EC-B6A7-44D0-9D5E-F2F31099CA15}.AppStore|x64.Build.0 = Release|Any CPU
		{C96AA0EC-B6A7-44D0-9D5E-F2F31099CA15}.AppStore|x86.ActiveCfg = Release|Any CPU
		{C96AA0EC-B6A7-44D0-9D5E-F2F31099CA15}.AppStore|x86.Build.0 = Release|Any CPU
		{C96AA0EC-B6A7-44D0-9D5E-F2F31099CA15}.Debug|Any CPU.ActiveCfg = Debug|Any CPU
		{C96AA0EC-B6A7-44D0-9D5E-F2F31099CA15}.Debug|Any CPU.Build.0 = Debug|Any CPU
		{C96AA0EC-B6A7-44D0-9D5E-F2F31099CA15}.Debug|ARM.ActiveCfg = Debug|Any CPU
		{C96AA0EC-B6A7-44D0-9D5E-F2F31099CA15}.Debug|ARM.Build.0 = Debug|Any CPU
		{C96AA0EC-B6A7-44D0-9D5E-F2F31099CA15}.Debug|iPhone.ActiveCfg = Debug|Any CPU
		{C96AA0EC-B6A7-44D0-9D5E-F2F31099CA15}.Debug|iPhone.Build.0 = Debug|Any CPU
		{C96AA0EC-B6A7-44D0-9D5E-F2F31099CA15}.Debug|iPhoneSimulator.ActiveCfg = Debug|Any CPU
		{C96AA0EC-B6A7-44D0-9D5E-F2F31099CA15}.Debug|iPhoneSimulator.Build.0 = Debug|Any CPU
		{C96AA0EC-B6A7-44D0-9D5E-F2F31099CA15}.Debug|x64.ActiveCfg = Debug|Any CPU
		{C96AA0EC-B6A7-44D0-9D5E-F2F31099CA15}.Debug|x64.Build.0 = Debug|Any CPU
		{C96AA0EC-B6A7-44D0-9D5E-F2F31099CA15}.Debug|x86.ActiveCfg = Debug|Any CPU
		{C96AA0EC-B6A7-44D0-9D5E-F2F31099CA15}.Debug|x86.Build.0 = Debug|Any CPU
		{C96AA0EC-B6A7-44D0-9D5E-F2F31099CA15}.Release|Any CPU.ActiveCfg = Release|Any CPU
		{C96AA0EC-B6A7-44D0-9D5E-F2F31099CA15}.Release|Any CPU.Build.0 = Release|Any CPU
		{C96AA0EC-B6A7-44D0-9D5E-F2F31099CA15}.Release|ARM.ActiveCfg = Release|Any CPU
		{C96AA0EC-B6A7-44D0-9D5E-F2F31099CA15}.Release|ARM.Build.0 = Release|Any CPU
		{C96AA0EC-B6A7-44D0-9D5E-F2F31099CA15}.Release|iPhone.ActiveCfg = Release|Any CPU
		{C96AA0EC-B6A7-44D0-9D5E-F2F31099CA15}.Release|iPhone.Build.0 = Release|Any CPU
		{C96AA0EC-B6A7-44D0-9D5E-F2F31099CA15}.Release|iPhoneSimulator.ActiveCfg = Release|Any CPU
		{C96AA0EC-B6A7-44D0-9D5E-F2F31099CA15}.Release|iPhoneSimulator.Build.0 = Release|Any CPU
		{C96AA0EC-B6A7-44D0-9D5E-F2F31099CA15}.Release|x64.ActiveCfg = Release|Any CPU
		{C96AA0EC-B6A7-44D0-9D5E-F2F31099CA15}.Release|x64.Build.0 = Release|Any CPU
		{C96AA0EC-B6A7-44D0-9D5E-F2F31099CA15}.Release|x86.ActiveCfg = Release|Any CPU
		{C96AA0EC-B6A7-44D0-9D5E-F2F31099CA15}.Release|x86.Build.0 = Release|Any CPU
		{3979006C-2188-46E4-ADD6-92F67F27D6EC}.Ad-Hoc|Any CPU.ActiveCfg = Release|Any CPU
		{3979006C-2188-46E4-ADD6-92F67F27D6EC}.Ad-Hoc|Any CPU.Build.0 = Release|Any CPU
		{3979006C-2188-46E4-ADD6-92F67F27D6EC}.Ad-Hoc|Any CPU.Deploy.0 = Release|Any CPU
		{3979006C-2188-46E4-ADD6-92F67F27D6EC}.Ad-Hoc|ARM.ActiveCfg = Release|Any CPU
		{3979006C-2188-46E4-ADD6-92F67F27D6EC}.Ad-Hoc|ARM.Build.0 = Release|Any CPU
		{3979006C-2188-46E4-ADD6-92F67F27D6EC}.Ad-Hoc|ARM.Deploy.0 = Release|Any CPU
		{3979006C-2188-46E4-ADD6-92F67F27D6EC}.Ad-Hoc|iPhone.ActiveCfg = Release|Any CPU
		{3979006C-2188-46E4-ADD6-92F67F27D6EC}.Ad-Hoc|iPhone.Build.0 = Release|Any CPU
		{3979006C-2188-46E4-ADD6-92F67F27D6EC}.Ad-Hoc|iPhone.Deploy.0 = Release|Any CPU
		{3979006C-2188-46E4-ADD6-92F67F27D6EC}.Ad-Hoc|iPhoneSimulator.ActiveCfg = Release|Any CPU
		{3979006C-2188-46E4-ADD6-92F67F27D6EC}.Ad-Hoc|iPhoneSimulator.Build.0 = Release|Any CPU
		{3979006C-2188-46E4-ADD6-92F67F27D6EC}.Ad-Hoc|iPhoneSimulator.Deploy.0 = Release|Any CPU
		{3979006C-2188-46E4-ADD6-92F67F27D6EC}.Ad-Hoc|x64.ActiveCfg = Release|Any CPU
		{3979006C-2188-46E4-ADD6-92F67F27D6EC}.Ad-Hoc|x64.Build.0 = Release|Any CPU
		{3979006C-2188-46E4-ADD6-92F67F27D6EC}.Ad-Hoc|x64.Deploy.0 = Release|Any CPU
		{3979006C-2188-46E4-ADD6-92F67F27D6EC}.Ad-Hoc|x86.ActiveCfg = Release|Any CPU
		{3979006C-2188-46E4-ADD6-92F67F27D6EC}.Ad-Hoc|x86.Build.0 = Release|Any CPU
		{3979006C-2188-46E4-ADD6-92F67F27D6EC}.Ad-Hoc|x86.Deploy.0 = Release|Any CPU
		{3979006C-2188-46E4-ADD6-92F67F27D6EC}.AppStore|Any CPU.ActiveCfg = Release|Any CPU
		{3979006C-2188-46E4-ADD6-92F67F27D6EC}.AppStore|Any CPU.Build.0 = Release|Any CPU
		{3979006C-2188-46E4-ADD6-92F67F27D6EC}.AppStore|Any CPU.Deploy.0 = Release|Any CPU
		{3979006C-2188-46E4-ADD6-92F67F27D6EC}.AppStore|ARM.ActiveCfg = Release|Any CPU
		{3979006C-2188-46E4-ADD6-92F67F27D6EC}.AppStore|ARM.Build.0 = Release|Any CPU
		{3979006C-2188-46E4-ADD6-92F67F27D6EC}.AppStore|ARM.Deploy.0 = Release|Any CPU
		{3979006C-2188-46E4-ADD6-92F67F27D6EC}.AppStore|iPhone.ActiveCfg = Release|Any CPU
		{3979006C-2188-46E4-ADD6-92F67F27D6EC}.AppStore|iPhone.Build.0 = Release|Any CPU
		{3979006C-2188-46E4-ADD6-92F67F27D6EC}.AppStore|iPhone.Deploy.0 = Release|Any CPU
		{3979006C-2188-46E4-ADD6-92F67F27D6EC}.AppStore|iPhoneSimulator.ActiveCfg = Release|Any CPU
		{3979006C-2188-46E4-ADD6-92F67F27D6EC}.AppStore|iPhoneSimulator.Build.0 = Release|Any CPU
		{3979006C-2188-46E4-ADD6-92F67F27D6EC}.AppStore|iPhoneSimulator.Deploy.0 = Release|Any CPU
		{3979006C-2188-46E4-ADD6-92F67F27D6EC}.AppStore|x64.ActiveCfg = Release|Any CPU
		{3979006C-2188-46E4-ADD6-92F67F27D6EC}.AppStore|x64.Build.0 = Release|Any CPU
		{3979006C-2188-46E4-ADD6-92F67F27D6EC}.AppStore|x64.Deploy.0 = Release|Any CPU
		{3979006C-2188-46E4-ADD6-92F67F27D6EC}.AppStore|x86.ActiveCfg = Release|Any CPU
		{3979006C-2188-46E4-ADD6-92F67F27D6EC}.AppStore|x86.Build.0 = Release|Any CPU
		{3979006C-2188-46E4-ADD6-92F67F27D6EC}.AppStore|x86.Deploy.0 = Release|Any CPU
		{3979006C-2188-46E4-ADD6-92F67F27D6EC}.Debug|Any CPU.ActiveCfg = Debug|Any CPU
		{3979006C-2188-46E4-ADD6-92F67F27D6EC}.Debug|Any CPU.Build.0 = Debug|Any CPU
		{3979006C-2188-46E4-ADD6-92F67F27D6EC}.Debug|Any CPU.Deploy.0 = Debug|Any CPU
		{3979006C-2188-46E4-ADD6-92F67F27D6EC}.Debug|ARM.ActiveCfg = Debug|Any CPU
		{3979006C-2188-46E4-ADD6-92F67F27D6EC}.Debug|ARM.Build.0 = Debug|Any CPU
		{3979006C-2188-46E4-ADD6-92F67F27D6EC}.Debug|ARM.Deploy.0 = Debug|Any CPU
		{3979006C-2188-46E4-ADD6-92F67F27D6EC}.Debug|iPhone.ActiveCfg = Debug|Any CPU
		{3979006C-2188-46E4-ADD6-92F67F27D6EC}.Debug|iPhone.Build.0 = Debug|Any CPU
		{3979006C-2188-46E4-ADD6-92F67F27D6EC}.Debug|iPhone.Deploy.0 = Debug|Any CPU
		{3979006C-2188-46E4-ADD6-92F67F27D6EC}.Debug|iPhoneSimulator.ActiveCfg = Debug|Any CPU
		{3979006C-2188-46E4-ADD6-92F67F27D6EC}.Debug|iPhoneSimulator.Build.0 = Debug|Any CPU
		{3979006C-2188-46E4-ADD6-92F67F27D6EC}.Debug|iPhoneSimulator.Deploy.0 = Debug|Any CPU
		{3979006C-2188-46E4-ADD6-92F67F27D6EC}.Debug|x64.ActiveCfg = Debug|Any CPU
		{3979006C-2188-46E4-ADD6-92F67F27D6EC}.Debug|x64.Build.0 = Debug|Any CPU
		{3979006C-2188-46E4-ADD6-92F67F27D6EC}.Debug|x64.Deploy.0 = Debug|Any CPU
		{3979006C-2188-46E4-ADD6-92F67F27D6EC}.Debug|x86.ActiveCfg = Debug|Any CPU
		{3979006C-2188-46E4-ADD6-92F67F27D6EC}.Debug|x86.Build.0 = Debug|Any CPU
		{3979006C-2188-46E4-ADD6-92F67F27D6EC}.Debug|x86.Deploy.0 = Debug|Any CPU
		{3979006C-2188-46E4-ADD6-92F67F27D6EC}.Release|Any CPU.ActiveCfg = Release|Any CPU
		{3979006C-2188-46E4-ADD6-92F67F27D6EC}.Release|Any CPU.Build.0 = Release|Any CPU
		{3979006C-2188-46E4-ADD6-92F67F27D6EC}.Release|Any CPU.Deploy.0 = Release|Any CPU
		{3979006C-2188-46E4-ADD6-92F67F27D6EC}.Release|ARM.ActiveCfg = Release|Any CPU
		{3979006C-2188-46E4-ADD6-92F67F27D6EC}.Release|ARM.Build.0 = Release|Any CPU
		{3979006C-2188-46E4-ADD6-92F67F27D6EC}.Release|ARM.Deploy.0 = Release|Any CPU
		{3979006C-2188-46E4-ADD6-92F67F27D6EC}.Release|iPhone.ActiveCfg = Release|Any CPU
		{3979006C-2188-46E4-ADD6-92F67F27D6EC}.Release|iPhone.Build.0 = Release|Any CPU
		{3979006C-2188-46E4-ADD6-92F67F27D6EC}.Release|iPhone.Deploy.0 = Release|Any CPU
		{3979006C-2188-46E4-ADD6-92F67F27D6EC}.Release|iPhoneSimulator.ActiveCfg = Release|Any CPU
		{3979006C-2188-46E4-ADD6-92F67F27D6EC}.Release|iPhoneSimulator.Build.0 = Release|Any CPU
		{3979006C-2188-46E4-ADD6-92F67F27D6EC}.Release|iPhoneSimulator.Deploy.0 = Release|Any CPU
		{3979006C-2188-46E4-ADD6-92F67F27D6EC}.Release|x64.ActiveCfg = Release|Any CPU
		{3979006C-2188-46E4-ADD6-92F67F27D6EC}.Release|x64.Build.0 = Release|Any CPU
		{3979006C-2188-46E4-ADD6-92F67F27D6EC}.Release|x64.Deploy.0 = Release|Any CPU
		{3979006C-2188-46E4-ADD6-92F67F27D6EC}.Release|x86.ActiveCfg = Release|Any CPU
		{3979006C-2188-46E4-ADD6-92F67F27D6EC}.Release|x86.Build.0 = Release|Any CPU
		{3979006C-2188-46E4-ADD6-92F67F27D6EC}.Release|x86.Deploy.0 = Release|Any CPU
		{6476DD61-DD15-4A70-87A2-AC422D13C52F}.Ad-Hoc|Any CPU.ActiveCfg = Ad-Hoc|iPhone
		{6476DD61-DD15-4A70-87A2-AC422D13C52F}.Ad-Hoc|ARM.ActiveCfg = Ad-Hoc|iPhone
		{6476DD61-DD15-4A70-87A2-AC422D13C52F}.Ad-Hoc|iPhone.ActiveCfg = Ad-Hoc|iPhone
		{6476DD61-DD15-4A70-87A2-AC422D13C52F}.Ad-Hoc|iPhone.Build.0 = Ad-Hoc|iPhone
		{6476DD61-DD15-4A70-87A2-AC422D13C52F}.Ad-Hoc|iPhoneSimulator.ActiveCfg = Ad-Hoc|iPhoneSimulator
		{6476DD61-DD15-4A70-87A2-AC422D13C52F}.Ad-Hoc|iPhoneSimulator.Build.0 = Ad-Hoc|iPhoneSimulator
		{6476DD61-DD15-4A70-87A2-AC422D13C52F}.Ad-Hoc|x64.ActiveCfg = Ad-Hoc|iPhone
		{6476DD61-DD15-4A70-87A2-AC422D13C52F}.Ad-Hoc|x86.ActiveCfg = Ad-Hoc|iPhone
		{6476DD61-DD15-4A70-87A2-AC422D13C52F}.AppStore|Any CPU.ActiveCfg = AppStore|iPhone
		{6476DD61-DD15-4A70-87A2-AC422D13C52F}.AppStore|ARM.ActiveCfg = AppStore|iPhone
		{6476DD61-DD15-4A70-87A2-AC422D13C52F}.AppStore|iPhone.ActiveCfg = AppStore|iPhone
		{6476DD61-DD15-4A70-87A2-AC422D13C52F}.AppStore|iPhone.Build.0 = AppStore|iPhone
		{6476DD61-DD15-4A70-87A2-AC422D13C52F}.AppStore|iPhoneSimulator.ActiveCfg = AppStore|iPhoneSimulator
		{6476DD61-DD15-4A70-87A2-AC422D13C52F}.AppStore|iPhoneSimulator.Build.0 = AppStore|iPhoneSimulator
		{6476DD61-DD15-4A70-87A2-AC422D13C52F}.AppStore|x64.ActiveCfg = AppStore|iPhone
		{6476DD61-DD15-4A70-87A2-AC422D13C52F}.AppStore|x86.ActiveCfg = AppStore|iPhone
		{6476DD61-DD15-4A70-87A2-AC422D13C52F}.Debug|Any CPU.ActiveCfg = Debug|iPhone
		{6476DD61-DD15-4A70-87A2-AC422D13C52F}.Debug|ARM.ActiveCfg = Debug|iPhone
		{6476DD61-DD15-4A70-87A2-AC422D13C52F}.Debug|iPhone.ActiveCfg = Debug|iPhone
		{6476DD61-DD15-4A70-87A2-AC422D13C52F}.Debug|iPhone.Build.0 = Debug|iPhone
		{6476DD61-DD15-4A70-87A2-AC422D13C52F}.Debug|iPhoneSimulator.ActiveCfg = Debug|iPhoneSimulator
		{6476DD61-DD15-4A70-87A2-AC422D13C52F}.Debug|iPhoneSimulator.Build.0 = Debug|iPhoneSimulator
		{6476DD61-DD15-4A70-87A2-AC422D13C52F}.Debug|x64.ActiveCfg = Debug|iPhone
		{6476DD61-DD15-4A70-87A2-AC422D13C52F}.Debug|x86.ActiveCfg = Debug|iPhone
		{6476DD61-DD15-4A70-87A2-AC422D13C52F}.Release|Any CPU.ActiveCfg = Release|iPhone
		{6476DD61-DD15-4A70-87A2-AC422D13C52F}.Release|ARM.ActiveCfg = Release|iPhone
		{6476DD61-DD15-4A70-87A2-AC422D13C52F}.Release|iPhone.ActiveCfg = Release|iPhone
		{6476DD61-DD15-4A70-87A2-AC422D13C52F}.Release|iPhone.Build.0 = Release|iPhone
		{6476DD61-DD15-4A70-87A2-AC422D13C52F}.Release|iPhoneSimulator.ActiveCfg = Release|iPhoneSimulator
		{6476DD61-DD15-4A70-87A2-AC422D13C52F}.Release|iPhoneSimulator.Build.0 = Release|iPhoneSimulator
		{6476DD61-DD15-4A70-87A2-AC422D13C52F}.Release|x64.ActiveCfg = Release|iPhone
		{6476DD61-DD15-4A70-87A2-AC422D13C52F}.Release|x86.ActiveCfg = Release|iPhone
		{72B7DDB6-BCC3-4BB3-97B7-8B39C0A0F880}.Ad-Hoc|Any CPU.ActiveCfg = Release|Any CPU
		{72B7DDB6-BCC3-4BB3-97B7-8B39C0A0F880}.Ad-Hoc|Any CPU.Build.0 = Release|Any CPU
		{72B7DDB6-BCC3-4BB3-97B7-8B39C0A0F880}.Ad-Hoc|Any CPU.Deploy.0 = Release|Any CPU
		{72B7DDB6-BCC3-4BB3-97B7-8B39C0A0F880}.Ad-Hoc|ARM.ActiveCfg = Release|ARM
		{72B7DDB6-BCC3-4BB3-97B7-8B39C0A0F880}.Ad-Hoc|ARM.Build.0 = Release|ARM
		{72B7DDB6-BCC3-4BB3-97B7-8B39C0A0F880}.Ad-Hoc|ARM.Deploy.0 = Release|ARM
		{72B7DDB6-BCC3-4BB3-97B7-8B39C0A0F880}.Ad-Hoc|iPhone.ActiveCfg = Release|Any CPU
		{72B7DDB6-BCC3-4BB3-97B7-8B39C0A0F880}.Ad-Hoc|iPhone.Build.0 = Release|Any CPU
		{72B7DDB6-BCC3-4BB3-97B7-8B39C0A0F880}.Ad-Hoc|iPhone.Deploy.0 = Release|Any CPU
		{72B7DDB6-BCC3-4BB3-97B7-8B39C0A0F880}.Ad-Hoc|iPhoneSimulator.ActiveCfg = Release|Any CPU
		{72B7DDB6-BCC3-4BB3-97B7-8B39C0A0F880}.Ad-Hoc|iPhoneSimulator.Build.0 = Release|Any CPU
		{72B7DDB6-BCC3-4BB3-97B7-8B39C0A0F880}.Ad-Hoc|iPhoneSimulator.Deploy.0 = Release|Any CPU
		{72B7DDB6-BCC3-4BB3-97B7-8B39C0A0F880}.Ad-Hoc|x64.ActiveCfg = Release|Any CPU
		{72B7DDB6-BCC3-4BB3-97B7-8B39C0A0F880}.Ad-Hoc|x64.Build.0 = Release|Any CPU
		{72B7DDB6-BCC3-4BB3-97B7-8B39C0A0F880}.Ad-Hoc|x64.Deploy.0 = Release|Any CPU
		{72B7DDB6-BCC3-4BB3-97B7-8B39C0A0F880}.Ad-Hoc|x86.ActiveCfg = Release|x86
		{72B7DDB6-BCC3-4BB3-97B7-8B39C0A0F880}.Ad-Hoc|x86.Build.0 = Release|x86
		{72B7DDB6-BCC3-4BB3-97B7-8B39C0A0F880}.Ad-Hoc|x86.Deploy.0 = Release|x86
		{72B7DDB6-BCC3-4BB3-97B7-8B39C0A0F880}.AppStore|Any CPU.ActiveCfg = Release|Any CPU
		{72B7DDB6-BCC3-4BB3-97B7-8B39C0A0F880}.AppStore|Any CPU.Build.0 = Release|Any CPU
		{72B7DDB6-BCC3-4BB3-97B7-8B39C0A0F880}.AppStore|Any CPU.Deploy.0 = Release|Any CPU
		{72B7DDB6-BCC3-4BB3-97B7-8B39C0A0F880}.AppStore|ARM.ActiveCfg = Release|ARM
		{72B7DDB6-BCC3-4BB3-97B7-8B39C0A0F880}.AppStore|ARM.Build.0 = Release|ARM
		{72B7DDB6-BCC3-4BB3-97B7-8B39C0A0F880}.AppStore|ARM.Deploy.0 = Release|ARM
		{72B7DDB6-BCC3-4BB3-97B7-8B39C0A0F880}.AppStore|iPhone.ActiveCfg = Release|Any CPU
		{72B7DDB6-BCC3-4BB3-97B7-8B39C0A0F880}.AppStore|iPhone.Build.0 = Release|Any CPU
		{72B7DDB6-BCC3-4BB3-97B7-8B39C0A0F880}.AppStore|iPhone.Deploy.0 = Release|Any CPU
		{72B7DDB6-BCC3-4BB3-97B7-8B39C0A0F880}.AppStore|iPhoneSimulator.ActiveCfg = Release|Any CPU
		{72B7DDB6-BCC3-4BB3-97B7-8B39C0A0F880}.AppStore|iPhoneSimulator.Build.0 = Release|Any CPU
		{72B7DDB6-BCC3-4BB3-97B7-8B39C0A0F880}.AppStore|iPhoneSimulator.Deploy.0 = Release|Any CPU
		{72B7DDB6-BCC3-4BB3-97B7-8B39C0A0F880}.AppStore|x64.ActiveCfg = Release|Any CPU
		{72B7DDB6-BCC3-4BB3-97B7-8B39C0A0F880}.AppStore|x64.Build.0 = Release|Any CPU
		{72B7DDB6-BCC3-4BB3-97B7-8B39C0A0F880}.AppStore|x64.Deploy.0 = Release|Any CPU
		{72B7DDB6-BCC3-4BB3-97B7-8B39C0A0F880}.AppStore|x86.ActiveCfg = Release|x86
		{72B7DDB6-BCC3-4BB3-97B7-8B39C0A0F880}.AppStore|x86.Build.0 = Release|x86
		{72B7DDB6-BCC3-4BB3-97B7-8B39C0A0F880}.AppStore|x86.Deploy.0 = Release|x86
		{72B7DDB6-BCC3-4BB3-97B7-8B39C0A0F880}.Debug|Any CPU.ActiveCfg = Debug|Any CPU
		{72B7DDB6-BCC3-4BB3-97B7-8B39C0A0F880}.Debug|Any CPU.Build.0 = Debug|Any CPU
		{72B7DDB6-BCC3-4BB3-97B7-8B39C0A0F880}.Debug|Any CPU.Deploy.0 = Debug|Any CPU
		{72B7DDB6-BCC3-4BB3-97B7-8B39C0A0F880}.Debug|ARM.ActiveCfg = Debug|ARM
		{72B7DDB6-BCC3-4BB3-97B7-8B39C0A0F880}.Debug|ARM.Build.0 = Debug|ARM
		{72B7DDB6-BCC3-4BB3-97B7-8B39C0A0F880}.Debug|ARM.Deploy.0 = Debug|ARM
		{72B7DDB6-BCC3-4BB3-97B7-8B39C0A0F880}.Debug|iPhone.ActiveCfg = Debug|Any CPU
		{72B7DDB6-BCC3-4BB3-97B7-8B39C0A0F880}.Debug|iPhone.Build.0 = Debug|Any CPU
		{72B7DDB6-BCC3-4BB3-97B7-8B39C0A0F880}.Debug|iPhone.Deploy.0 = Debug|Any CPU
		{72B7DDB6-BCC3-4BB3-97B7-8B39C0A0F880}.Debug|iPhoneSimulator.ActiveCfg = Debug|Any CPU
		{72B7DDB6-BCC3-4BB3-97B7-8B39C0A0F880}.Debug|iPhoneSimulator.Build.0 = Debug|Any CPU
		{72B7DDB6-BCC3-4BB3-97B7-8B39C0A0F880}.Debug|iPhoneSimulator.Deploy.0 = Debug|Any CPU
		{72B7DDB6-BCC3-4BB3-97B7-8B39C0A0F880}.Debug|x64.ActiveCfg = Debug|Any CPU
		{72B7DDB6-BCC3-4BB3-97B7-8B39C0A0F880}.Debug|x64.Build.0 = Debug|Any CPU
		{72B7DDB6-BCC3-4BB3-97B7-8B39C0A0F880}.Debug|x64.Deploy.0 = Debug|Any CPU
		{72B7DDB6-BCC3-4BB3-97B7-8B39C0A0F880}.Debug|x86.ActiveCfg = Debug|x86
		{72B7DDB6-BCC3-4BB3-97B7-8B39C0A0F880}.Debug|x86.Build.0 = Debug|x86
		{72B7DDB6-BCC3-4BB3-97B7-8B39C0A0F880}.Debug|x86.Deploy.0 = Debug|x86
		{72B7DDB6-BCC3-4BB3-97B7-8B39C0A0F880}.Release|Any CPU.ActiveCfg = Release|Any CPU
		{72B7DDB6-BCC3-4BB3-97B7-8B39C0A0F880}.Release|Any CPU.Build.0 = Release|Any CPU
		{72B7DDB6-BCC3-4BB3-97B7-8B39C0A0F880}.Release|Any CPU.Deploy.0 = Release|Any CPU
		{72B7DDB6-BCC3-4BB3-97B7-8B39C0A0F880}.Release|ARM.ActiveCfg = Release|ARM
		{72B7DDB6-BCC3-4BB3-97B7-8B39C0A0F880}.Release|ARM.Build.0 = Release|ARM
		{72B7DDB6-BCC3-4BB3-97B7-8B39C0A0F880}.Release|ARM.Deploy.0 = Release|ARM
		{72B7DDB6-BCC3-4BB3-97B7-8B39C0A0F880}.Release|iPhone.ActiveCfg = Release|Any CPU
		{72B7DDB6-BCC3-4BB3-97B7-8B39C0A0F880}.Release|iPhone.Build.0 = Release|Any CPU
		{72B7DDB6-BCC3-4BB3-97B7-8B39C0A0F880}.Release|iPhone.Deploy.0 = Release|Any CPU
		{72B7DDB6-BCC3-4BB3-97B7-8B39C0A0F880}.Release|iPhoneSimulator.ActiveCfg = Release|Any CPU
		{72B7DDB6-BCC3-4BB3-97B7-8B39C0A0F880}.Release|iPhoneSimulator.Build.0 = Release|Any CPU
		{72B7DDB6-BCC3-4BB3-97B7-8B39C0A0F880}.Release|iPhoneSimulator.Deploy.0 = Release|Any CPU
		{72B7DDB6-BCC3-4BB3-97B7-8B39C0A0F880}.Release|x64.ActiveCfg = Release|Any CPU
		{72B7DDB6-BCC3-4BB3-97B7-8B39C0A0F880}.Release|x64.Build.0 = Release|Any CPU
		{72B7DDB6-BCC3-4BB3-97B7-8B39C0A0F880}.Release|x64.Deploy.0 = Release|Any CPU
		{72B7DDB6-BCC3-4BB3-97B7-8B39C0A0F880}.Release|x86.ActiveCfg = Release|x86
		{72B7DDB6-BCC3-4BB3-97B7-8B39C0A0F880}.Release|x86.Build.0 = Release|x86
		{72B7DDB6-BCC3-4BB3-97B7-8B39C0A0F880}.Release|x86.Deploy.0 = Release|x86
		{E8930B0A-5C04-41E4-A71A-9AA280C4A91E}.Ad-Hoc|Any CPU.ActiveCfg = Release|x86
		{E8930B0A-5C04-41E4-A71A-9AA280C4A91E}.Ad-Hoc|Any CPU.Build.0 = Release|x86
		{E8930B0A-5C04-41E4-A71A-9AA280C4A91E}.Ad-Hoc|Any CPU.Deploy.0 = Release|x86
		{E8930B0A-5C04-41E4-A71A-9AA280C4A91E}.Ad-Hoc|ARM.ActiveCfg = Release|ARM
		{E8930B0A-5C04-41E4-A71A-9AA280C4A91E}.Ad-Hoc|ARM.Build.0 = Release|ARM
		{E8930B0A-5C04-41E4-A71A-9AA280C4A91E}.Ad-Hoc|ARM.Deploy.0 = Release|ARM
		{E8930B0A-5C04-41E4-A71A-9AA280C4A91E}.Ad-Hoc|iPhone.ActiveCfg = Release|x86
		{E8930B0A-5C04-41E4-A71A-9AA280C4A91E}.Ad-Hoc|iPhone.Build.0 = Release|x86
		{E8930B0A-5C04-41E4-A71A-9AA280C4A91E}.Ad-Hoc|iPhone.Deploy.0 = Release|x86
		{E8930B0A-5C04-41E4-A71A-9AA280C4A91E}.Ad-Hoc|iPhoneSimulator.ActiveCfg = Release|x86
		{E8930B0A-5C04-41E4-A71A-9AA280C4A91E}.Ad-Hoc|iPhoneSimulator.Build.0 = Release|x86
		{E8930B0A-5C04-41E4-A71A-9AA280C4A91E}.Ad-Hoc|iPhoneSimulator.Deploy.0 = Release|x86
		{E8930B0A-5C04-41E4-A71A-9AA280C4A91E}.Ad-Hoc|x64.ActiveCfg = Release|x64
		{E8930B0A-5C04-41E4-A71A-9AA280C4A91E}.Ad-Hoc|x64.Build.0 = Release|x64
		{E8930B0A-5C04-41E4-A71A-9AA280C4A91E}.Ad-Hoc|x64.Deploy.0 = Release|x64
		{E8930B0A-5C04-41E4-A71A-9AA280C4A91E}.Ad-Hoc|x86.ActiveCfg = Release|x86
		{E8930B0A-5C04-41E4-A71A-9AA280C4A91E}.Ad-Hoc|x86.Build.0 = Release|x86
		{E8930B0A-5C04-41E4-A71A-9AA280C4A91E}.Ad-Hoc|x86.Deploy.0 = Release|x86
		{E8930B0A-5C04-41E4-A71A-9AA280C4A91E}.AppStore|Any CPU.ActiveCfg = Release|x86
		{E8930B0A-5C04-41E4-A71A-9AA280C4A91E}.AppStore|Any CPU.Build.0 = Release|x86
		{E8930B0A-5C04-41E4-A71A-9AA280C4A91E}.AppStore|Any CPU.Deploy.0 = Release|x86
		{E8930B0A-5C04-41E4-A71A-9AA280C4A91E}.AppStore|ARM.ActiveCfg = Release|ARM
		{E8930B0A-5C04-41E4-A71A-9AA280C4A91E}.AppStore|ARM.Build.0 = Release|ARM
		{E8930B0A-5C04-41E4-A71A-9AA280C4A91E}.AppStore|ARM.Deploy.0 = Release|ARM
		{E8930B0A-5C04-41E4-A71A-9AA280C4A91E}.AppStore|iPhone.ActiveCfg = Release|x86
		{E8930B0A-5C04-41E4-A71A-9AA280C4A91E}.AppStore|iPhone.Build.0 = Release|x86
		{E8930B0A-5C04-41E4-A71A-9AA280C4A91E}.AppStore|iPhone.Deploy.0 = Release|x86
		{E8930B0A-5C04-41E4-A71A-9AA280C4A91E}.AppStore|iPhoneSimulator.ActiveCfg = Release|x86
		{E8930B0A-5C04-41E4-A71A-9AA280C4A91E}.AppStore|iPhoneSimulator.Build.0 = Release|x86
		{E8930B0A-5C04-41E4-A71A-9AA280C4A91E}.AppStore|iPhoneSimulator.Deploy.0 = Release|x86
		{E8930B0A-5C04-41E4-A71A-9AA280C4A91E}.AppStore|x64.ActiveCfg = Release|x64
		{E8930B0A-5C04-41E4-A71A-9AA280C4A91E}.AppStore|x64.Build.0 = Release|x64
		{E8930B0A-5C04-41E4-A71A-9AA280C4A91E}.AppStore|x64.Deploy.0 = Release|x64
		{E8930B0A-5C04-41E4-A71A-9AA280C4A91E}.AppStore|x86.ActiveCfg = Release|x86
		{E8930B0A-5C04-41E4-A71A-9AA280C4A91E}.AppStore|x86.Build.0 = Release|x86
		{E8930B0A-5C04-41E4-A71A-9AA280C4A91E}.AppStore|x86.Deploy.0 = Release|x86
		{E8930B0A-5C04-41E4-A71A-9AA280C4A91E}.Debug|Any CPU.ActiveCfg = Debug|x86
		{E8930B0A-5C04-41E4-A71A-9AA280C4A91E}.Debug|ARM.ActiveCfg = Debug|ARM
		{E8930B0A-5C04-41E4-A71A-9AA280C4A91E}.Debug|ARM.Build.0 = Debug|ARM
		{E8930B0A-5C04-41E4-A71A-9AA280C4A91E}.Debug|ARM.Deploy.0 = Debug|ARM
		{E8930B0A-5C04-41E4-A71A-9AA280C4A91E}.Debug|iPhone.ActiveCfg = Debug|x86
		{E8930B0A-5C04-41E4-A71A-9AA280C4A91E}.Debug|iPhoneSimulator.ActiveCfg = Debug|x86
		{E8930B0A-5C04-41E4-A71A-9AA280C4A91E}.Debug|x64.ActiveCfg = Debug|x64
		{E8930B0A-5C04-41E4-A71A-9AA280C4A91E}.Debug|x64.Build.0 = Debug|x64
		{E8930B0A-5C04-41E4-A71A-9AA280C4A91E}.Debug|x64.Deploy.0 = Debug|x64
		{E8930B0A-5C04-41E4-A71A-9AA280C4A91E}.Debug|x86.ActiveCfg = Debug|x86
		{E8930B0A-5C04-41E4-A71A-9AA280C4A91E}.Debug|x86.Build.0 = Debug|x86
		{E8930B0A-5C04-41E4-A71A-9AA280C4A91E}.Debug|x86.Deploy.0 = Debug|x86
		{E8930B0A-5C04-41E4-A71A-9AA280C4A91E}.Release|Any CPU.ActiveCfg = Release|x86
		{E8930B0A-5C04-41E4-A71A-9AA280C4A91E}.Release|ARM.ActiveCfg = Release|ARM
		{E8930B0A-5C04-41E4-A71A-9AA280C4A91E}.Release|ARM.Build.0 = Release|ARM
		{E8930B0A-5C04-41E4-A71A-9AA280C4A91E}.Release|ARM.Deploy.0 = Release|ARM
		{E8930B0A-5C04-41E4-A71A-9AA280C4A91E}.Release|iPhone.ActiveCfg = Release|x86
		{E8930B0A-5C04-41E4-A71A-9AA280C4A91E}.Release|iPhoneSimulator.ActiveCfg = Release|x86
		{E8930B0A-5C04-41E4-A71A-9AA280C4A91E}.Release|x64.ActiveCfg = Release|x64
		{E8930B0A-5C04-41E4-A71A-9AA280C4A91E}.Release|x64.Build.0 = Release|x64
		{E8930B0A-5C04-41E4-A71A-9AA280C4A91E}.Release|x64.Deploy.0 = Release|x64
		{E8930B0A-5C04-41E4-A71A-9AA280C4A91E}.Release|x86.ActiveCfg = Release|x86
		{E8930B0A-5C04-41E4-A71A-9AA280C4A91E}.Release|x86.Build.0 = Release|x86
		{E8930B0A-5C04-41E4-A71A-9AA280C4A91E}.Release|x86.Deploy.0 = Release|x86
		{2BF23F0F-29C4-4C17-9C14-F4DC4961D95B}.Ad-Hoc|Any CPU.ActiveCfg = Release|Any CPU
		{2BF23F0F-29C4-4C17-9C14-F4DC4961D95B}.Ad-Hoc|Any CPU.Build.0 = Release|Any CPU
		{2BF23F0F-29C4-4C17-9C14-F4DC4961D95B}.Ad-Hoc|Any CPU.Deploy.0 = Release|Any CPU
		{2BF23F0F-29C4-4C17-9C14-F4DC4961D95B}.Ad-Hoc|ARM.ActiveCfg = Release|ARM
		{2BF23F0F-29C4-4C17-9C14-F4DC4961D95B}.Ad-Hoc|ARM.Build.0 = Release|ARM
		{2BF23F0F-29C4-4C17-9C14-F4DC4961D95B}.Ad-Hoc|ARM.Deploy.0 = Release|ARM
		{2BF23F0F-29C4-4C17-9C14-F4DC4961D95B}.Ad-Hoc|iPhone.ActiveCfg = Release|Any CPU
		{2BF23F0F-29C4-4C17-9C14-F4DC4961D95B}.Ad-Hoc|iPhone.Build.0 = Release|Any CPU
		{2BF23F0F-29C4-4C17-9C14-F4DC4961D95B}.Ad-Hoc|iPhone.Deploy.0 = Release|Any CPU
		{2BF23F0F-29C4-4C17-9C14-F4DC4961D95B}.Ad-Hoc|iPhoneSimulator.ActiveCfg = Release|Any CPU
		{2BF23F0F-29C4-4C17-9C14-F4DC4961D95B}.Ad-Hoc|iPhoneSimulator.Build.0 = Release|Any CPU
		{2BF23F0F-29C4-4C17-9C14-F4DC4961D95B}.Ad-Hoc|iPhoneSimulator.Deploy.0 = Release|Any CPU
		{2BF23F0F-29C4-4C17-9C14-F4DC4961D95B}.Ad-Hoc|x64.ActiveCfg = Release|x64
		{2BF23F0F-29C4-4C17-9C14-F4DC4961D95B}.Ad-Hoc|x64.Build.0 = Release|x64
		{2BF23F0F-29C4-4C17-9C14-F4DC4961D95B}.Ad-Hoc|x64.Deploy.0 = Release|x64
		{2BF23F0F-29C4-4C17-9C14-F4DC4961D95B}.Ad-Hoc|x86.ActiveCfg = Release|x86
		{2BF23F0F-29C4-4C17-9C14-F4DC4961D95B}.Ad-Hoc|x86.Build.0 = Release|x86
		{2BF23F0F-29C4-4C17-9C14-F4DC4961D95B}.Ad-Hoc|x86.Deploy.0 = Release|x86
		{2BF23F0F-29C4-4C17-9C14-F4DC4961D95B}.AppStore|Any CPU.ActiveCfg = Release|Any CPU
		{2BF23F0F-29C4-4C17-9C14-F4DC4961D95B}.AppStore|Any CPU.Build.0 = Release|Any CPU
		{2BF23F0F-29C4-4C17-9C14-F4DC4961D95B}.AppStore|Any CPU.Deploy.0 = Release|Any CPU
		{2BF23F0F-29C4-4C17-9C14-F4DC4961D95B}.AppStore|ARM.ActiveCfg = Release|ARM
		{2BF23F0F-29C4-4C17-9C14-F4DC4961D95B}.AppStore|ARM.Build.0 = Release|ARM
		{2BF23F0F-29C4-4C17-9C14-F4DC4961D95B}.AppStore|ARM.Deploy.0 = Release|ARM
		{2BF23F0F-29C4-4C17-9C14-F4DC4961D95B}.AppStore|iPhone.ActiveCfg = Release|Any CPU
		{2BF23F0F-29C4-4C17-9C14-F4DC4961D95B}.AppStore|iPhone.Build.0 = Release|Any CPU
		{2BF23F0F-29C4-4C17-9C14-F4DC4961D95B}.AppStore|iPhone.Deploy.0 = Release|Any CPU
		{2BF23F0F-29C4-4C17-9C14-F4DC4961D95B}.AppStore|iPhoneSimulator.ActiveCfg = Release|Any CPU
		{2BF23F0F-29C4-4C17-9C14-F4DC4961D95B}.AppStore|iPhoneSimulator.Build.0 = Release|Any CPU
		{2BF23F0F-29C4-4C17-9C14-F4DC4961D95B}.AppStore|iPhoneSimulator.Deploy.0 = Release|Any CPU
		{2BF23F0F-29C4-4C17-9C14-F4DC4961D95B}.AppStore|x64.ActiveCfg = Release|x64
		{2BF23F0F-29C4-4C17-9C14-F4DC4961D95B}.AppStore|x64.Build.0 = Release|x64
		{2BF23F0F-29C4-4C17-9C14-F4DC4961D95B}.AppStore|x64.Deploy.0 = Release|x64
		{2BF23F0F-29C4-4C17-9C14-F4DC4961D95B}.AppStore|x86.ActiveCfg = Release|x86
		{2BF23F0F-29C4-4C17-9C14-F4DC4961D95B}.AppStore|x86.Build.0 = Release|x86
		{2BF23F0F-29C4-4C17-9C14-F4DC4961D95B}.AppStore|x86.Deploy.0 = Release|x86
		{2BF23F0F-29C4-4C17-9C14-F4DC4961D95B}.Debug|Any CPU.ActiveCfg = Debug|Any CPU
		{2BF23F0F-29C4-4C17-9C14-F4DC4961D95B}.Debug|Any CPU.Build.0 = Debug|Any CPU
		{2BF23F0F-29C4-4C17-9C14-F4DC4961D95B}.Debug|Any CPU.Deploy.0 = Debug|Any CPU
		{2BF23F0F-29C4-4C17-9C14-F4DC4961D95B}.Debug|ARM.ActiveCfg = Debug|ARM
		{2BF23F0F-29C4-4C17-9C14-F4DC4961D95B}.Debug|ARM.Build.0 = Debug|ARM
		{2BF23F0F-29C4-4C17-9C14-F4DC4961D95B}.Debug|ARM.Deploy.0 = Debug|ARM
		{2BF23F0F-29C4-4C17-9C14-F4DC4961D95B}.Debug|iPhone.ActiveCfg = Debug|Any CPU
		{2BF23F0F-29C4-4C17-9C14-F4DC4961D95B}.Debug|iPhone.Build.0 = Debug|Any CPU
		{2BF23F0F-29C4-4C17-9C14-F4DC4961D95B}.Debug|iPhone.Deploy.0 = Debug|Any CPU
		{2BF23F0F-29C4-4C17-9C14-F4DC4961D95B}.Debug|iPhoneSimulator.ActiveCfg = Debug|Any CPU
		{2BF23F0F-29C4-4C17-9C14-F4DC4961D95B}.Debug|iPhoneSimulator.Build.0 = Debug|Any CPU
		{2BF23F0F-29C4-4C17-9C14-F4DC4961D95B}.Debug|iPhoneSimulator.Deploy.0 = Debug|Any CPU
		{2BF23F0F-29C4-4C17-9C14-F4DC4961D95B}.Debug|x64.ActiveCfg = Debug|x64
		{2BF23F0F-29C4-4C17-9C14-F4DC4961D95B}.Debug|x64.Build.0 = Debug|x64
		{2BF23F0F-29C4-4C17-9C14-F4DC4961D95B}.Debug|x64.Deploy.0 = Debug|x64
		{2BF23F0F-29C4-4C17-9C14-F4DC4961D95B}.Debug|x86.ActiveCfg = Debug|x86
		{2BF23F0F-29C4-4C17-9C14-F4DC4961D95B}.Debug|x86.Build.0 = Debug|x86
		{2BF23F0F-29C4-4C17-9C14-F4DC4961D95B}.Debug|x86.Deploy.0 = Debug|x86
		{2BF23F0F-29C4-4C17-9C14-F4DC4961D95B}.Release|Any CPU.ActiveCfg = Release|Any CPU
		{2BF23F0F-29C4-4C17-9C14-F4DC4961D95B}.Release|Any CPU.Build.0 = Release|Any CPU
		{2BF23F0F-29C4-4C17-9C14-F4DC4961D95B}.Release|Any CPU.Deploy.0 = Release|Any CPU
		{2BF23F0F-29C4-4C17-9C14-F4DC4961D95B}.Release|ARM.ActiveCfg = Release|ARM
		{2BF23F0F-29C4-4C17-9C14-F4DC4961D95B}.Release|ARM.Build.0 = Release|ARM
		{2BF23F0F-29C4-4C17-9C14-F4DC4961D95B}.Release|ARM.Deploy.0 = Release|ARM
		{2BF23F0F-29C4-4C17-9C14-F4DC4961D95B}.Release|iPhone.ActiveCfg = Release|Any CPU
		{2BF23F0F-29C4-4C17-9C14-F4DC4961D95B}.Release|iPhone.Build.0 = Release|Any CPU
		{2BF23F0F-29C4-4C17-9C14-F4DC4961D95B}.Release|iPhone.Deploy.0 = Release|Any CPU
		{2BF23F0F-29C4-4C17-9C14-F4DC4961D95B}.Release|iPhoneSimulator.ActiveCfg = Release|Any CPU
		{2BF23F0F-29C4-4C17-9C14-F4DC4961D95B}.Release|iPhoneSimulator.Build.0 = Release|Any CPU
		{2BF23F0F-29C4-4C17-9C14-F4DC4961D95B}.Release|iPhoneSimulator.Deploy.0 = Release|Any CPU
		{2BF23F0F-29C4-4C17-9C14-F4DC4961D95B}.Release|x64.ActiveCfg = Release|x64
		{2BF23F0F-29C4-4C17-9C14-F4DC4961D95B}.Release|x64.Build.0 = Release|x64
		{2BF23F0F-29C4-4C17-9C14-F4DC4961D95B}.Release|x64.Deploy.0 = Release|x64
		{2BF23F0F-29C4-4C17-9C14-F4DC4961D95B}.Release|x86.ActiveCfg = Release|x86
		{2BF23F0F-29C4-4C17-9C14-F4DC4961D95B}.Release|x86.Build.0 = Release|x86
		{2BF23F0F-29C4-4C17-9C14-F4DC4961D95B}.Release|x86.Deploy.0 = Release|x86
	EndGlobalSection
	GlobalSection(SolutionProperties) = preSolution
		HideSolutionNode = FALSE
	EndGlobalSection
EndGlobal
